
Microsoft Visual Studio Solution File, Format Version 12.00
# Visual Studio Version 17
VisualStudioVersion = 17.4.33213.308
MinimumVisualStudioVersion = 10.0.40219.1
Project("{FAE04EC0-301F-11D3-BF4B-00C04F79EFBC}") = "WebApplication1", "WebApplication1\WebApplication1.csproj", "{028766A1-A959-423D-9D2A-343A9ADDA054}"
EndProject
Global
	GlobalSection(SolutionConfigurationPlatforms) = preSolution
		Debug|Any CPU = Debug|Any CPU
		Release|Any CPU = Release|Any CPU
	EndGlobalSection
	GlobalSection(ProjectConfigurationPlatforms) = postSolution
		{028766A1-A959-423D-9D2A-343A9ADDA054}.Debug|Any CPU.ActiveCfg = Debug|Any CPU
		{028766A1-A959-423D-9D2A-343A9ADDA054}.Debug|Any CPU.Build.0 = Debug|Any CPU
		{028766A1-A959-423D-9D2A-343A9ADDA054}.Release|Any CPU.ActiveCfg = Release|Any CPU
		{028766A1-A959-423D-9D2A-343A9ADDA054}.Release|Any CPU.Build.0 = Release|Any CPU
	EndGlobalSection
	GlobalSection(SolutionProperties) = preSolution
		HideSolutionNode = FALSE
	EndGlobalSection
	GlobalSection(ExtensibilityGlobals) = postSolution
		SolutionGuid = {C0A8FF9D-BF20-423A-AFC8-3F02EA4AF73F}
	EndGlobalSection
EndGlobal
